
Microsoft Visual Studio Solution File, Format Version 12.00
# Visual Studio Version 17
VisualStudioVersion = 17.3.32901.215
MinimumVisualStudioVersion = 10.0.40219.1
Project("{FAE04EC0-301F-11D3-BF4B-00C04F79EFBC}") = "movieRentalApp", "movieRentalApp.csproj", "{D494BD3F-2D51-4E6E-A4E8-061BE3D4C1BC}"
EndProject
Global
	GlobalSection(SolutionConfigurationPlatforms) = preSolution
		Debug|Any CPU = Debug|Any CPU
		Release|Any CPU = Release|Any CPU
	EndGlobalSection
	GlobalSection(ProjectConfigurationPlatforms) = postSolution
		{D494BD3F-2D51-4E6E-A4E8-061BE3D4C1BC}.Debug|Any CPU.ActiveCfg = Debug|Any CPU
		{D494BD3F-2D51-4E6E-A4E8-061BE3D4C1BC}.Debug|Any CPU.Build.0 = Debug|Any CPU
		{D494BD3F-2D51-4E6E-A4E8-061BE3D4C1BC}.Release|Any CPU.ActiveCfg = Release|Any CPU
		{D494BD3F-2D51-4E6E-A4E8-061BE3D4C1BC}.Release|Any CPU.Build.0 = Release|Any CPU
	EndGlobalSection
	GlobalSection(SolutionProperties) = preSolution
		HideSolutionNode = FALSE
	EndGlobalSection
	GlobalSection(ExtensibilityGlobals) = postSolution
		SolutionGuid = {0442D228-FF04-4CB4-8930-807093FAA70F}
	EndGlobalSection
EndGlobal
